// !$*UTF8*$!
{
	archiveVersion = 1;
	classes = {
	};
	objectVersion = 56;
	objects = {

/* Begin PBXBuildFile section */
		2065C77D2AA05438003D14D4 /* Assignment_1App.swift in Sources */ = {isa = PBXBuildFile; fileRef = 2065C77C2AA05438003D14D4 /* Assignment_1App.swift */; };
		2065C77F2AA05438003D14D4 /* ContentView.swift in Sources */ = {isa = PBXBuildFile; fileRef = 2065C77E2AA05438003D14D4 /* ContentView.swift */; };
		2065C7812AA0543A003D14D4 /* Assets.xcassets in Resources */ = {isa = PBXBuildFile; fileRef = 2065C7802AA0543A003D14D4 /* Assets.xcassets */; };
		2065C7852AA0543A003D14D4 /* Preview Assets.xcassets in Resources */ = {isa = PBXBuildFile; fileRef = 2065C7842AA0543A003D14D4 /* Preview Assets.xcassets */; };
		2065C78F2AA0543B003D14D4 /* Assignment_1Tests.swift in Sources */ = {isa = PBXBuildFile; fileRef = 2065C78E2AA0543B003D14D4 /* Assignment_1Tests.swift */; };
		2065C7992AA0543B003D14D4 /* Assignment_1UITests.swift in Sources */ = {isa = PBXBuildFile; fileRef = 2065C7982AA0543B003D14D4 /* Assignment_1UITests.swift */; };
		2065C79B2AA0543B003D14D4 /* Assignment_1UITestsLaunchTests.swift in Sources */ = {isa = PBXBuildFile; fileRef = 2065C79A2AA0543B003D14D4 /* Assignment_1UITestsLaunchTests.swift */; };
/* End PBXBuildFile section */

/* Begin PBXContainerItemProxy section */
		2065C78B2AA0543B003D14D4 /* PBXContainerItemProxy */ = {
			isa = PBXContainerItemProxy;
			containerPortal = 2065C7712AA05438003D14D4 /* Project object */;
			proxyType = 1;
			remoteGlobalIDString = 2065C7782AA05438003D14D4;
			remoteInfo = Assignment_1;
		};
		2065C7952AA0543B003D14D4 /* PBXContainerItemProxy */ = {
			isa = PBXContainerItemProxy;
			containerPortal = 2065C7712AA05438003D14D4 /* Project object */;
			proxyType = 1;
			remoteGlobalIDString = 2065C7782AA05438003D14D4;
			remoteInfo = Assignment_1;
		};
/* End PBXContainerItemProxy section */

/* Begin PBXFileReference section */
		2065C7792AA05438003D14D4 /* Assignment_1.app */ = {isa = PBXFileReference; explicitFileType = wrapper.application; includeInIndex = 0; path = Assignment_1.app; sourceTree = BUILT_PRODUCTS_DIR; };
		2065C77C2AA05438003D14D4 /* Assignment_1App.swift */ = {isa = PBXFileReference; lastKnownFileType = sourcecode.swift; path = Assignment_1App.swift; sourceTree = "<group>"; };
		2065C77E2AA05438003D14D4 /* ContentView.swift */ = {isa = PBXFileReference; lastKnownFileType = sourcecode.swift; path = ContentView.swift; sourceTree = "<group>"; };
		2065C7802AA0543A003D14D4 /* Assets.xcassets */ = {isa = PBXFileReference; lastKnownFileType = folder.assetcatalog; path = Assets.xcassets; sourceTree = "<group>"; };
		2065C7822AA0543A003D14D4 /* Assignment_1.entitlements */ = {isa = PBXFileReference; lastKnownFileType = text.plist.entitlements; path = Assignment_1.entitlements; sourceTree = "<group>"; };
		2065C7842AA0543A003D14D4 /* Preview Assets.xcassets */ = {isa = PBXFileReference; lastKnownFileType = folder.assetcatalog; path = "Preview Assets.xcassets"; sourceTree = "<group>"; };
		2065C78A2AA0543B003D14D4 /* Assignment_1Tests.xctest */ = {isa = PBXFileReference; explicitFileType = wrapper.cfbundle; includeInIndex = 0; path = Assignment_1Tests.xctest; sourceTree = BUILT_PRODUCTS_DIR; };
		2065C78E2AA0543B003D14D4 /* Assignment_1Tests.swift */ = {isa = PBXFileReference; lastKnownFileType = sourcecode.swift; path = Assignment_1Tests.swift; sourceTree = "<group>"; };
		2065C7942AA0543B003D14D4 /* Assignment_1UITests.xctest */ = {isa = PBXFileReference; explicitFileType = wrapper.cfbundle; includeInIndex = 0; path = Assignment_1UITests.xctest; sourceTree = BUILT_PRODUCTS_DIR; };
		2065C7982AA0543B003D14D4 /* Assignment_1UITests.swift */ = {isa = PBXFileReference; lastKnownFileType = sourcecode.swift; path = Assignment_1UITests.swift; sourceTree = "<group>"; };
		2065C79A2AA0543B003D14D4 /* Assignment_1UITestsLaunchTests.swift */ = {isa = PBXFileReference; lastKnownFileType = sourcecode.swift; path = Assignment_1UITestsLaunchTests.swift; sourceTree = "<group>"; };
/* End PBXFileReference section */

/* Begin PBXFrameworksBuildPhase section */
		2065C7762AA05438003D14D4 /* Frameworks */ = {
			isa = PBXFrameworksBuildPhase;
			buildActionMask = 2147483647;
			files = (
			);
			runOnlyForDeploymentPostprocessing = 0;
		};
		2065C7872AA0543B003D14D4 /* Frameworks */ = {
			isa = PBXFrameworksBuildPhase;
			buildActionMask = 2147483647;
			files = (
			);
			runOnlyForDeploymentPostprocessing = 0;
		};
		2065C7912AA0543B003D14D4 /* Frameworks */ = {
			isa = PBXFrameworksBuildPhase;
			buildActionMask = 2147483647;
			files = (
			);
			runOnlyForDeploymentPostprocessing = 0;
		};
/* End PBXFrameworksBuildPhase section */

/* Begin PBXGroup section */
		2065C7702AA05438003D14D4 = {
			isa = PBXGroup;
			children = (
				2065C77B2AA05438003D14D4 /* Assignment_1 */,
				2065C78D2AA0543B003D14D4 /* Assignment_1Tests */,
				2065C7972AA0543B003D14D4 /* Assignment_1UITests */,
				2065C77A2AA05438003D14D4 /* Products */,
			);
			sourceTree = "<group>";
		};
		2065C77A2AA05438003D14D4 /* Products */ = {
			isa = PBXGroup;
			children = (
				2065C7792AA05438003D14D4 /* Assignment_1.app */,
				2065C78A2AA0543B003D14D4 /* Assignment_1Tests.xctest */,
				2065C7942AA0543B003D14D4 /* Assignment_1UITests.xctest */,
			);
			name = Products;
			sourceTree = "<group>";
		};
		2065C77B2AA05438003D14D4 /* Assignment_1 */ = {
			isa = PBXGroup;
			children = (
				2065C77C2AA05438003D14D4 /* Assignment_1App.swift */,
				2065C77E2AA05438003D14D4 /* ContentView.swift */,
				2065C7802AA0543A003D14D4 /* Assets.xcassets */,
				2065C7822AA0543A003D14D4 /* Assignment_1.entitlements */,
				2065C7832AA0543A003D14D4 /* Preview Content */,
			);
			path = Assignment_1;
			sourceTree = "<group>";
		};
		2065C7832AA0543A003D14D4 /* Preview Content */ = {
			isa = PBXGroup;
			children = (
				2065C7842AA0543A003D14D4 /* Preview Assets.xcassets */,
			);
			path = "Preview Content";
			sourceTree = "<group>";
		};
		2065C78D2AA0543B003D14D4 /* Assignment_1Tests */ = {
			isa = PBXGroup;
			children = (
				2065C78E2AA0543B003D14D4 /* Assignment_1Tests.swift */,
			);
			path = Assignment_1Tests;
			sourceTree = "<group>";
		};
		2065C7972AA0543B003D14D4 /* Assignment_1UITests */ = {
			isa = PBXGroup;
			children = (
				2065C7982AA0543B003D14D4 /* Assignment_1UITests.swift */,
				2065C79A2AA0543B003D14D4 /* Assignment_1UITestsLaunchTests.swift */,
			);
			path = Assignment_1UITests;
			sourceTree = "<group>";
		};
/* End PBXGroup section */

/* Begin PBXNativeTarget section */
		2065C7782AA05438003D14D4 /* Assignment_1 */ = {
			isa = PBXNativeTarget;
			buildConfigurationList = 2065C79E2AA0543B003D14D4 /* Build configuration list for PBXNativeTarget "Assignment_1" */;
			buildPhases = (
				2065C7752AA05438003D14D4 /* Sources */,
				2065C7762AA05438003D14D4 /* Frameworks */,
				2065C7772AA05438003D14D4 /* Resources */,
			);
			buildRules = (
			);
			dependencies = (
			);
			name = Assignment_1;
			productName = Assignment_1;
			productReference = 2065C7792AA05438003D14D4 /* Assignment_1.app */;
			productType = "com.apple.product-type.application";
		};
		2065C7892AA0543B003D14D4 /* Assignment_1Tests */ = {
			isa = PBXNativeTarget;
			buildConfigurationList = 2065C7A12AA0543B003D14D4 /* Build configuration list for PBXNativeTarget "Assignment_1Tests" */;
			buildPhases = (
				2065C7862AA0543B003D14D4 /* Sources */,
				2065C7872AA0543B003D14D4 /* Frameworks */,
				2065C7882AA0543B003D14D4 /* Resources */,
			);
			buildRules = (
			);
			dependencies = (
				2065C78C2AA0543B003D14D4 /* PBXTargetDependency */,
			);
			name = Assignment_1Tests;
			productName = Assignment_1Tests;
			productReference = 2065C78A2AA0543B003D14D4 /* Assignment_1Tests.xctest */;
			productType = "com.apple.product-type.bundle.unit-test";
		};
		2065C7932AA0543B003D14D4 /* Assignment_1UITests */ = {
			isa = PBXNativeTarget;
			buildConfigurationList = 2065C7A42AA0543B003D14D4 /* Build configuration list for PBXNativeTarget "Assignment_1UITests" */;
			buildPhases = (
				2065C7902AA0543B003D14D4 /* Sources */,
				2065C7912AA0543B003D14D4 /* Frameworks */,
				2065C7922AA0543B003D14D4 /* Resources */,
			);
			buildRules = (
			);
			dependencies = (
				2065C7962AA0543B003D14D4 /* PBXTargetDependency */,
			);
			name = Assignment_1UITests;
			productName = Assignment_1UITests;
			productReference = 2065C7942AA0543B003D14D4 /* Assignment_1UITests.xctest */;
			productType = "com.apple.product-type.bundle.ui-testing";
		};
/* End PBXNativeTarget section */

/* Begin PBXProject section */
		2065C7712AA05438003D14D4 /* Project object */ = {
			isa = PBXProject;
			attributes = {
				BuildIndependentTargetsInParallel = 1;
				LastSwiftUpdateCheck = 1430;
				LastUpgradeCheck = 1430;
				TargetAttributes = {
					2065C7782AA05438003D14D4 = {
						CreatedOnToolsVersion = 14.3.1;
					};
					2065C7892AA0543B003D14D4 = {
						CreatedOnToolsVersion = 14.3.1;
						TestTargetID = 2065C7782AA05438003D14D4;
					};
					2065C7932AA0543B003D14D4 = {
						CreatedOnToolsVersion = 14.3.1;
						TestTargetID = 2065C7782AA05438003D14D4;
					};
				};
			};
			buildConfigurationList = 2065C7742AA05438003D14D4 /* Build configuration list for PBXProject "Assignment_1" */;
			compatibilityVersion = "Xcode 14.0";
			developmentRegion = en;
			hasScannedForEncodings = 0;
			knownRegions = (
				en,
				Base,
			);
			mainGroup = 2065C7702AA05438003D14D4;
			productRefGroup = 2065C77A2AA05438003D14D4 /* Products */;
			projectDirPath = "";
			projectRoot = "";
			targets = (
				2065C7782AA05438003D14D4 /* Assignment_1 */,
				2065C7892AA0543B003D14D4 /* Assignment_1Tests */,
				2065C7932AA0543B003D14D4 /* Assignment_1UITests */,
			);
		};
/* End PBXProject section */

/* Begin PBXResourcesBuildPhase section */
		2065C7772AA05438003D14D4 /* Resources */ = {
			isa = PBXResourcesBuildPhase;
			buildActionMask = 2147483647;
			files = (
				2065C7852AA0543A003D14D4 /* Preview Assets.xcassets in Resources */,
				2065C7812AA0543A003D14D4 /* Assets.xcassets in Resources */,
			);
			runOnlyForDeploymentPostprocessing = 0;
		};
		2065C7882AA0543B003D14D4 /* Resources */ = {
			isa = PBXResourcesBuildPhase;
			buildActionMask = 2147483647;
			files = (
			);
			runOnlyForDeploymentPostprocessing = 0;
		};
		2065C7922AA0543B003D14D4 /* Resources */ = {
			isa = PBXResourcesBuildPhase;
			buildActionMask = 2147483647;
			files = (
			);
			runOnlyForDeploymentPostprocessing = 0;
		};
/* End PBXResourcesBuildPhase section */

/* Begin PBXSourcesBuildPhase section */
		2065C7752AA05438003D14D4 /* Sources */ = {
			isa = PBXSourcesBuildPhase;
			buildActionMask = 2147483647;
			files = (
				2065C77F2AA05438003D14D4 /* ContentView.swift in Sources */,
				2065C77D2AA05438003D14D4 /* Assignment_1App.swift in Sources */,
			);
			runOnlyForDeploymentPostprocessing = 0;
		};
		2065C7862AA0543B003D14D4 /* Sources */ = {
			isa = PBXSourcesBuildPhase;
			buildActionMask = 2147483647;
			files = (
				2065C78F2AA0543B003D14D4 /* Assignment_1Tests.swift in Sources */,
			);
			runOnlyForDeploymentPostprocessing = 0;
		};
		2065C7902AA0543B003D14D4 /* Sources */ = {
			isa = PBXSourcesBuildPhase;
			buildActionMask = 2147483647;
			files = (
				2065C7992AA0543B003D14D4 /* Assignment_1UITests.swift in Sources */,
				2065C79B2AA0543B003D14D4 /* Assignment_1UITestsLaunchTests.swift in Sources */,
			);
			runOnlyForDeploymentPostprocessing = 0;
		};
/* End PBXSourcesBuildPhase section */

/* Begin PBXTargetDependency section */
		2065C78C2AA0543B003D14D4 /* PBXTargetDependency */ = {
			isa = PBXTargetDependency;
			target = 2065C7782AA05438003D14D4 /* Assignment_1 */;
			targetProxy = 2065C78B2AA0543B003D14D4 /* PBXContainerItemProxy */;
		};
		2065C7962AA0543B003D14D4 /* PBXTargetDependency */ = {
			isa = PBXTargetDependency;
			target = 2065C7782AA05438003D14D4 /* Assignment_1 */;
			targetProxy = 2065C7952AA0543B003D14D4 /* PBXContainerItemProxy */;
		};
/* End PBXTargetDependency section */

/* Begin XCBuildConfiguration section */
		2065C79C2AA0543B003D14D4 /* Debug */ = {
			isa = XCBuildConfiguration;
			buildSettings = {
				ALWAYS_SEARCH_USER_PATHS = NO;
				CLANG_ANALYZER_NONNULL = YES;
				CLANG_ANALYZER_NUMBER_OBJECT_CONVERSION = YES_AGGRESSIVE;
				CLANG_CXX_LANGUAGE_STANDARD = "gnu++20";
				CLANG_ENABLE_MODULES = YES;
				CLANG_ENABLE_OBJC_ARC = YES;
				CLANG_ENABLE_OBJC_WEAK = YES;
				CLANG_WARN_BLOCK_CAPTURE_AUTORELEASING = YES;
				CLANG_WARN_BOOL_CONVERSION = YES;
				CLANG_WARN_COMMA = YES;
				CLANG_WARN_CONSTANT_CONVERSION = YES;
				CLANG_WARN_DEPRECATED_OBJC_IMPLEMENTATIONS = YES;
				CLANG_WARN_DIRECT_OBJC_ISA_USAGE = YES_ERROR;
				CLANG_WARN_DOCUMENTATION_COMMENTS = YES;
				CLANG_WARN_EMPTY_BODY = YES;
				CLANG_WARN_ENUM_CONVERSION = YES;
				CLANG_WARN_INFINITE_RECURSION = YES;
				CLANG_WARN_INT_CONVERSION = YES;
				CLANG_WARN_NON_LITERAL_NULL_CONVERSION = YES;
				CLANG_WARN_OBJC_IMPLICIT_RETAIN_SELF = YES;
				CLANG_WARN_OBJC_LITERAL_CONVERSION = YES;
				CLANG_WARN_OBJC_ROOT_CLASS = YES_ERROR;
				CLANG_WARN_QUOTED_INCLUDE_IN_FRAMEWORK_HEADER = YES;
				CLANG_WARN_RANGE_LOOP_ANALYSIS = YES;
				CLANG_WARN_STRICT_PROTOTYPES = YES;
				CLANG_WARN_SUSPICIOUS_MOVE = YES;
				CLANG_WARN_UNGUARDED_AVAILABILITY = YES_AGGRESSIVE;
				CLANG_WARN_UNREACHABLE_CODE = YES;
				CLANG_WARN__DUPLICATE_METHOD_MATCH = YES;
				COPY_PHASE_STRIP = NO;
				DEBUG_INFORMATION_FORMAT = dwarf;
				ENABLE_STRICT_OBJC_MSGSEND = YES;
				ENABLE_TESTABILITY = YES;
				GCC_C_LANGUAGE_STANDARD = gnu11;
				GCC_DYNAMIC_NO_PIC = NO;
				GCC_NO_COMMON_BLOCKS = YES;
				GCC_OPTIMIZATION_LEVEL = 0;
				GCC_PREPROCESSOR_DEFINITIONS = (
					"DEBUG=1",
					"$(inherited)",
				);
				GCC_WARN_64_TO_32_BIT_CONVERSION = YES;
				GCC_WARN_ABOUT_RETURN_TYPE = YES_ERROR;
				GCC_WARN_UNDECLARED_SELECTOR = YES;
				GCC_WARN_UNINITIALIZED_AUTOS = YES_AGGRESSIVE;
				GCC_WARN_UNUSED_FUNCTION = YES;
				GCC_WARN_UNUSED_VARIABLE = YES;
				MTL_ENABLE_DEBUG_INFO = INCLUDE_SOURCE;
				MTL_FAST_MATH = YES;
				ONLY_ACTIVE_ARCH = YES;
				SWIFT_ACTIVE_COMPILATION_CONDITIONS = DEBUG;
				SWIFT_OPTIMIZATION_LEVEL = "-Onone";
			};
			name = Debug;
		};
		2065C79D2AA0543B003D14D4 /* Release */ = {
			isa = XCBuildConfiguration;
			buildSettings = {
				ALWAYS_SEARCH_USER_PATHS = NO;
				CLANG_ANALYZER_NONNULL = YES;
				CLANG_ANALYZER_NUMBER_OBJECT_CONVERSION = YES_AGGRESSIVE;
				CLANG_CXX_LANGUAGE_STANDARD = "gnu++20";
				CLANG_ENABLE_MODULES = YES;
				CLANG_ENABLE_OBJC_ARC = YES;
				CLANG_ENABLE_OBJC_WEAK = YES;
				CLANG_WARN_BLOCK_CAPTURE_AUTORELEASING = YES;
				CLANG_WARN_BOOL_CONVERSION = YES;
				CLANG_WARN_COMMA = YES;
				CLANG_WARN_CONSTANT_CONVERSION = YES;
				CLANG_WARN_DEPRECATED_OBJC_IMPLEMENTATIONS = YES;
				CLANG_WARN_DIRECT_OBJC_ISA_USAGE = YES_ERROR;
				CLANG_WARN_DOCUMENTATION_COMMENTS = YES;
				CLANG_WARN_EMPTY_BODY = YES;
				CLANG_WARN_ENUM_CONVERSION = YES;
				CLANG_WARN_INFINITE_RECURSION = YES;
				CLANG_WARN_INT_CONVERSION = YES;
				CLANG_WARN_NON_LITERAL_NULL_CONVERSION = YES;
				CLANG_WARN_OBJC_IMPLICIT_RETAIN_SELF = YES;
				CLANG_WARN_OBJC_LITERAL_CONVERSION = YES;
				CLANG_WARN_OBJC_ROOT_CLASS = YES_ERROR;
				CLANG_WARN_QUOTED_INCLUDE_IN_FRAMEWORK_HEADER = YES;
				CLANG_WARN_RANGE_LOOP_ANALYSIS = YES;
				CLANG_WARN_STRICT_PROTOTYPES = YES;
				CLANG_WARN_SUSPICIOUS_MOVE = YES;
				CLANG_WARN_UNGUARDED_AVAILABILITY = YES_AGGRESSIVE;
				CLANG_WARN_UNREACHABLE_CODE = YES;
				CLANG_WARN__DUPLICATE_METHOD_MATCH = YES;
				COPY_PHASE_STRIP = NO;
				DEBUG_INFORMATION_FORMAT = "dwarf-with-dsym";
				ENABLE_NS_ASSERTIONS = NO;
				ENABLE_STRICT_OBJC_MSGSEND = YES;
				GCC_C_LANGUAGE_STANDARD = gnu11;
				GCC_NO_COMMON_BLOCKS = YES;
				GCC_WARN_64_TO_32_BIT_CONVERSION = YES;
				GCC_WARN_ABOUT_RETURN_TYPE = YES_ERROR;
				GCC_WARN_UNDECLARED_SELECTOR = YES;
				GCC_WARN_UNINITIALIZED_AUTOS = YES_AGGRESSIVE;
				GCC_WARN_UNUSED_FUNCTION = YES;
				GCC_WARN_UNUSED_VARIABLE = YES;
				MTL_ENABLE_DEBUG_INFO = NO;
				MTL_FAST_MATH = YES;
				SWIFT_COMPILATION_MODE = wholemodule;
				SWIFT_OPTIMIZATION_LEVEL = "-O";
			};
			name = Release;
		};
		2065C79F2AA0543B003D14D4 /* Debug */ = {
			isa = XCBuildConfiguration;
			buildSettings = {
				ASSETCATALOG_COMPILER_APPICON_NAME = AppIcon;
				ASSETCATALOG_COMPILER_GLOBAL_ACCENT_COLOR_NAME = AccentColor;
				CODE_SIGN_ENTITLEMENTS = Assignment_1/Assignment_1.entitlements;
				CODE_SIGN_STYLE = Automatic;
				CURRENT_PROJECT_VERSION = 1;
				DEVELOPMENT_ASSET_PATHS = "\"Assignment_1/Preview Content\"";
				ENABLE_PREVIEWS = YES;
				GENERATE_INFOPLIST_FILE = YES;
				"INFOPLIST_KEY_UIApplicationSceneManifest_Generation[sdk=iphoneos*]" = YES;
				"INFOPLIST_KEY_UIApplicationSceneManifest_Generation[sdk=iphonesimulator*]" = YES;
				"INFOPLIST_KEY_UIApplicationSupportsIndirectInputEvents[sdk=iphoneos*]" = YES;
				"INFOPLIST_KEY_UIApplicationSupportsIndirectInputEvents[sdk=iphonesimulator*]" = YES;
				"INFOPLIST_KEY_UILaunchScreen_Generation[sdk=iphoneos*]" = YES;
				"INFOPLIST_KEY_UILaunchScreen_Generation[sdk=iphonesimulator*]" = YES;
				"INFOPLIST_KEY_UIStatusBarStyle[sdk=iphoneos*]" = UIStatusBarStyleDefault;
				"INFOPLIST_KEY_UIStatusBarStyle[sdk=iphonesimulator*]" = UIStatusBarStyleDefault;
				INFOPLIST_KEY_UISupportedInterfaceOrientations_iPad = "UIInterfaceOrientationPortrait UIInterfaceOrientationPortraitUpsideDown UIInterfaceOrientationLandscapeLeft UIInterfaceOrientationLandscapeRight";
				INFOPLIST_KEY_UISupportedInterfaceOrientations_iPhone = "UIInterfaceOrientationPortrait UIInterfaceOrientationLandscapeLeft UIInterfaceOrientationLandscapeRight";
				IPHONEOS_DEPLOYMENT_TARGET = 16.4;
				LD_RUNPATH_SEARCH_PATHS = "@executable_path/Frameworks";
				"LD_RUNPATH_SEARCH_PATHS[sdk=macosx*]" = "@executable_path/../Frameworks";
				MACOSX_DEPLOYMENT_TARGET = 13.3;
				MARKETING_VERSION = 1.0;
				PRODUCT_BUNDLE_IDENTIFIER = "cuboulder.Assignment-1";
				PRODUCT_NAME = "$(TARGET_NAME)";
				SDKROOT = auto;
				SUPPORTED_PLATFORMS = "iphoneos iphonesimulator macosx";
				SWIFT_EMIT_LOC_STRINGS = YES;
				SWIFT_VERSION = 5.0;
				TARGETED_DEVICE_FAMILY = "1,2";
			};
			name = Debug;
		};
		2065C7A02AA0543B003D14D4 /* Release */ = {
			isa = XCBuildConfiguration;
			buildSettings = {
				ASSETCATALOG_COMPILER_APPICON_NAME = AppIcon;
				ASSETCATALOG_COMPILER_GLOBAL_ACCENT_COLOR_NAME = AccentColor;
				CODE_SIGN_ENTITLEMENTS = Assignment_1/Assignment_1.entitlements;
				CODE_SIGN_STYLE = Automatic;
				CURRENT_PROJECT_VERSION = 1;
				DEVELOPMENT_ASSET_PATHS = "\"Assignment_1/Preview Content\"";
				ENABLE_PREVIEWS = YES;
				GENERATE_INFOPLIST_FILE = YES;
				"INFOPLIST_KEY_UIApplicationSceneManifest_Generation[sdk=iphoneos*]" = YES;
				"INFOPLIST_KEY_UIApplicationSceneManifest_Generation[sdk=iphonesimulator*]" = YES;
				"INFOPLIST_KEY_UIApplicationSupportsIndirectInputEvents[sdk=iphoneos*]" = YES;
				"INFOPLIST_KEY_UIApplicationSupportsIndirectInputEvents[sdk=iphonesimulator*]" = YES;
				"INFOPLIST_KEY_UILaunchScreen_Generation[sdk=iphoneos*]" = YES;
				"INFOPLIST_KEY_UILaunchScreen_Generation[sdk=iphonesimulator*]" = YES;
				"INFOPLIST_KEY_UIStatusBarStyle[sdk=iphoneos*]" = UIStatusBarStyleDefault;
				"INFOPLIST_KEY_UIStatusBarStyle[sdk=iphonesimulator*]" = UIStatusBarStyleDefault;
				INFOPLIST_KEY_UISupportedInterfaceOrientations_iPad = "UIInterfaceOrientationPortrait UIInterfaceOrientationPortraitUpsideDown UIInterfaceOrientationLandscapeLeft UIInterfaceOrientationLandscapeRight";
				INFOPLIST_KEY_UISupportedInterfaceOrientations_iPhone = "UIInterfaceOrientationPortrait UIInterfaceOrientationLandscapeLeft UIInterfaceOrientationLandscapeRight";
				IPHONEOS_DEPLOYMENT_TARGET = 16.4;
				LD_RUNPATH_SEARCH_PATHS = "@executable_path/Frameworks";
				"LD_RUNPATH_SEARCH_PATHS[sdk=macosx*]" = "@executable_path/../Frameworks";
				MACOSX_DEPLOYMENT_TARGET = 13.3;
				MARKETING_VERSION = 1.0;
				PRODUCT_BUNDLE_IDENTIFIER = "cuboulder.Assignment-1";
				PRODUCT_NAME = "$(TARGET_NAME)";
				SDKROOT = auto;
				SUPPORTED_PLATFORMS = "iphoneos iphonesimulator macosx";
				SWIFT_EMIT_LOC_STRINGS = YES;
				SWIFT_VERSION = 5.0;
				TARGETED_DEVICE_FAMILY = "1,2";
			};
			name = Release;
		};
		2065C7A22AA0543B003D14D4 /* Debug */ = {
			isa = XCBuildConfiguration;
			buildSettings = {
				ALWAYS_EMBED_SWIFT_STANDARD_LIBRARIES = YES;
				BUNDLE_LOADER = "$(TEST_HOST)";
				CODE_SIGN_STYLE = Automatic;
				CURRENT_PROJECT_VERSION = 1;
				GENERATE_INFOPLIST_FILE = YES;
				IPHONEOS_DEPLOYMENT_TARGET = 16.4;
				MACOSX_DEPLOYMENT_TARGET = 13.3;
				MARKETING_VERSION = 1.0;
				PRODUCT_BUNDLE_IDENTIFIER = "cuboulder.Assignment-1Tests";
				PRODUCT_NAME = "$(TARGET_NAME)";
				SDKROOT = auto;
				SUPPORTED_PLATFORMS = "iphoneos iphonesimulator macosx";
				SWIFT_EMIT_LOC_STRINGS = NO;
				SWIFT_VERSION = 5.0;
				TARGETED_DEVICE_FAMILY = "1,2";
				TEST_HOST = "$(BUILT_PRODUCTS_DIR)/Assignment_1.app/$(BUNDLE_EXECUTABLE_FOLDER_PATH)/Assignment_1";
			};
			name = Debug;
		};
		2065C7A32AA0543B003D14D4 /* Release */ = {
			isa = XCBuildConfiguration;
			buildSettings = {
				ALWAYS_EMBED_SWIFT_STANDARD_LIBRARIES = YES;
				BUNDLE_LOADER = "$(TEST_HOST)";
				CODE_SIGN_STYLE = Automatic;
				CURRENT_PROJECT_VERSION = 1;
				GENERATE_INFOPLIST_FILE = YES;
				IPHONEOS_DEPLOYMENT_TARGET = 16.4;
				MACOSX_DEPLOYMENT_TARGET = 13.3;
				MARKETING_VERSION = 1.0;
				PRODUCT_BUNDLE_IDENTIFIER = "cuboulder.Assignment-1Tests";
				PRODUCT_NAME = "$(TARGET_NAME)";
				SDKROOT = auto;
				SUPPORTED_PLATFORMS = "iphoneos iphonesimulator macosx";
				SWIFT_EMIT_LOC_STRINGS = NO;
				SWIFT_VERSION = 5.0;
				TARGETED_DEVICE_FAMILY = "1,2";
				TEST_HOST = "$(BUILT_PRODUCTS_DIR)/Assignment_1.app/$(BUNDLE_EXECUTABLE_FOLDER_PATH)/Assignment_1";
			};
			name = Release;
		};
		2065C7A52AA0543B003D14D4 /* Debug */ = {
			isa = XCBuildConfiguration;
			buildSettings = {
				ALWAYS_EMBED_SWIFT_STANDARD_LIBRARIES = YES;
				CODE_SIGN_STYLE = Automatic;
				CURRENT_PROJECT_VERSION = 1;
				GENERATE_INFOPLIST_FILE = YES;
				IPHONEOS_DEPLOYMENT_TARGET = 16.4;
				MACOSX_DEPLOYMENT_TARGET = 13.3;
				MARKETING_VERSION = 1.0;
				PRODUCT_BUNDLE_IDENTIFIER = "cuboulder.Assignment-1UITests";
				PRODUCT_NAME = "$(TARGET_NAME)";
				SDKROOT = auto;
				SUPPORTED_PLATFORMS = "iphoneos iphonesimulator macosx";
				SWIFT_EMIT_LOC_STRINGS = NO;
				SWIFT_VERSION = 5.0;
				TARGETED_DEVICE_FAMILY = "1,2";
				TEST_TARGET_NAME = Assignment_1;
			};
			name = Debug;
		};
		2065C7A62AA0543B003D14D4 /* Release */ = {
			isa = XCBuildConfiguration;
			buildSettings = {
				ALWAYS_EMBED_SWIFT_STANDARD_LIBRARIES = YES;
				CODE_SIGN_STYLE = Automatic;
				CURRENT_PROJECT_VERSION = 1;
				GENERATE_INFOPLIST_FILE = YES;
				IPHONEOS_DEPLOYMENT_TARGET = 16.4;
				MACOSX_DEPLOYMENT_TARGET = 13.3;
				MARKETING_VERSION = 1.0;
				PRODUCT_BUNDLE_IDENTIFIER = "cuboulder.Assignment-1UITests";
				PRODUCT_NAME = "$(TARGET_NAME)";
				SDKROOT = auto;
				SUPPORTED_PLATFORMS = "iphoneos iphonesimulator macosx";
				SWIFT_EMIT_LOC_STRINGS = NO;
				SWIFT_VERSION = 5.0;
				TARGETED_DEVICE_FAMILY = "1,2";
				TEST_TARGET_NAME = Assignment_1;
			};
			name = Release;
		};
/* End XCBuildConfiguration section */

/* Begin XCConfigurationList section */
		2065C7742AA05438003D14D4 /* Build configuration list for PBXProject "Assignment_1" */ = {
			isa = XCConfigurationList;
			buildConfigurations = (
				2065C79C2AA0543B003D14D4 /* Debug */,
				2065C79D2AA0543B003D14D4 /* Release */,
			);
			defaultConfigurationIsVisible = 0;
			defaultConfigurationName = Release;
		};
		2065C79E2AA0543B003D14D4 /* Build configuration list for PBXNativeTarget "Assignment_1" */ = {
			isa = XCConfigurationList;
			buildConfigurations = (
				2065C79F2AA0543B003D14D4 /* Debug */,
				2065C7A02AA0543B003D14D4 /* Release */,
			);
			defaultConfigurationIsVisible = 0;
			defaultConfigurationName = Release;
		};
		2065C7A12AA0543B003D14D4 /* Build configuration list for PBXNativeTarget "Assignment_1Tests" */ = {
			isa = XCConfigurationList;
			buildConfigurations = (
				2065C7A22AA0543B003D14D4 /* Debug */,
				2065C7A32AA0543B003D14D4 /* Release */,
			);
			defaultConfigurationIsVisible = 0;
			defaultConfigurationName = Release;
		};
		2065C7A42AA0543B003D14D4 /* Build configuration list for PBXNativeTarget "Assignment_1UITests" */ = {
			isa = XCConfigurationList;
			buildConfigurations = (
				2065C7A52AA0543B003D14D4 /* Debug */,
				2065C7A62AA0543B003D14D4 /* Release */,
			);
			defaultConfigurationIsVisible = 0;
			defaultConfigurationName = Release;
		};
/* End XCConfigurationList section */
	};
	rootObject = 2065C7712AA05438003D14D4 /* Project object */;
}
